{
  "nodes": {
    "nixpkgs": {
      "locked": {
        "lastModified": 1777826146,
        "narHash": "sha256-wQ/iN5Zp5VIa3ebBibijPnLyKhor+xEbDy4d0goa9Zs=",
        "owner": "NixOS",
        "repo": "nixpkgs",
        "rev": "73c703c22422b8951895a960959dbbaca7296492",
        "type": "github"
      },
      "original": {
        "id": "nixpkgs",
        "type": "indirect"
      }
    },
    "root": {
      "inputs": {
        "nixpkgs": "nixpkgs",
        "zig": "zig",
        "zls": "zls"
      }
    },
    "zig": {
      "inputs": {
        "nixpkgs": [
          "nixpkgs"
        ]
      },
      "locked": {
        "lastModified": 1778599559,
        "narHash": "sha256-tjeZaqEoj+1SNEVeizE0klZau66FqDZYdg4LWtwdW8c=",
        "owner": "silversquirl",
        "repo": "zig-flake",
        "rev": "8cea898983c96e97a86617d2d16481d9d5851ce4",
        "type": "github"
      },
      "original": {
        "owner": "silversquirl",
        "ref": "compat",
        "repo": "zig-flake",
        "type": "github"
      }
    },
    "zig-flake": {
      "inputs": {
        "nixpkgs": [
          "zls",
          "nixpkgs"
        ]
      },
      "locked": {
        "lastModified": 1778524253,
        "narHash": "sha256-zm8q9v7KmBjtMTP1x6kk2Fh3XrAySDnZl3dMZl0Jqkc=",
        "owner": "silversquirl",
        "repo": "zig-flake",
        "rev": "824cb996143ba0f42653b5312a1d3cb8822c3947",
        "type": "github"
      },
      "original": {
        "owner": "silversquirl",
        "repo": "zig-flake",
        "type": "github"
      }
    },
    "zls": {
      "inputs": {
        "nixpkgs": [
          "nixpkgs"
        ],
        "zig-flake": "zig-flake"
      },
      "locked": {
        "lastModified": 1778621944,
        "narHash": "sha256-PysSHbrzf/Yk1MEJbASSfnDOrn8v0bZ8SWYYNiMT1AA=",
        "owner": "zigtools",
        "repo": "zls",
        "rev": "5d97c95abe5325178f3553cfc5193b2436e2d82a",
        "type": "github"
      },
      "original": {
        "owner": "zigtools",
        "repo": "zls",
        "type": "github"
      }
    }
  },
  "root": "root",
  "version": 7
}
